// !$*UTF8*$!
{
	archiveVersion = 1;
	classes = {
	};
	objectVersion = 50;
	objects = {

/* Begin PBXBuildFile section */
		912FCF542496D72900812C2D /* MyProgressApp.xcdatamodeld in Sources */ = {isa = PBXBuildFile; fileRef = 912FCF522496D72900812C2D /* MyProgressApp.xcdatamodeld */; };
		912FCF562496D7FA00812C2D /* DataController.swift in Sources */ = {isa = PBXBuildFile; fileRef = 912FCF552496D7FA00812C2D /* DataController.swift */; };
		912FCF582496D90A00812C2D /* PhotoAlbumViewController.swift in Sources */ = {isa = PBXBuildFile; fileRef = 912FCF572496D90A00812C2D /* PhotoAlbumViewController.swift */; };
		912FCF5A2496DCCE00812C2D /* PhotoDetailViewController.swift in Sources */ = {isa = PBXBuildFile; fileRef = 912FCF592496DCCE00812C2D /* PhotoDetailViewController.swift */; };
		912FCF5D24970F4400812C2D /* PhotoAlbumCell.swift in Sources */ = {isa = PBXBuildFile; fileRef = 912FCF5C24970F4400812C2D /* PhotoAlbumCell.swift */; };
		912FCF5F249847CB00812C2D /* PhotosCollectionViewController.swift in Sources */ = {isa = PBXBuildFile; fileRef = 912FCF5E249847CB00812C2D /* PhotosCollectionViewController.swift */; };
		912FCF612499201D00812C2D /* PhotoCollectionViewCell.swift in Sources */ = {isa = PBXBuildFile; fileRef = 912FCF602499201D00812C2D /* PhotoCollectionViewCell.swift */; };
		915E6EAC24D39FB900F64A22 /* MotviationViewController.swift in Sources */ = {isa = PBXBuildFile; fileRef = 915E6EAB24D39FB900F64A22 /* MotviationViewController.swift */; };
		915E6EAF24D9BCF300F64A22 /* FlickrClient.swift in Sources */ = {isa = PBXBuildFile; fileRef = 915E6EAE24D9BCF300F64A22 /* FlickrClient.swift */; };
		915E6EB124D9BD1E00F64A22 /* FlickrPhoto.swift in Sources */ = {isa = PBXBuildFile; fileRef = 915E6EB024D9BD1E00F64A22 /* FlickrPhoto.swift */; };
		915E6EB324D9BD4D00F64A22 /* SearchRequest.swift in Sources */ = {isa = PBXBuildFile; fileRef = 915E6EB224D9BD4D00F64A22 /* SearchRequest.swift */; };
		915E6EB524D9C50300F64A22 /* FlickrViewCell.swift in Sources */ = {isa = PBXBuildFile; fileRef = 915E6EB424D9C50300F64A22 /* FlickrViewCell.swift */; };
		918FCBE62496CD1100AF2B45 /* AppDelegate.swift in Sources */ = {isa = PBXBuildFile; fileRef = 918FCBE52496CD1100AF2B45 /* AppDelegate.swift */; };
		918FCBE82496CD1100AF2B45 /* SceneDelegate.swift in Sources */ = {isa = PBXBuildFile; fileRef = 918FCBE72496CD1100AF2B45 /* SceneDelegate.swift */; };
		918FCBED2496CD1100AF2B45 /* Main.storyboard in Resources */ = {isa = PBXBuildFile; fileRef = 918FCBEB2496CD1100AF2B45 /* Main.storyboard */; };
		918FCBF22496CD1300AF2B45 /* Assets.xcassets in Resources */ = {isa = PBXBuildFile; fileRef = 918FCBF12496CD1300AF2B45 /* Assets.xcassets */; };
		918FCBF52496CD1300AF2B45 /* LaunchScreen.storyboard in Resources */ = {isa = PBXBuildFile; fileRef = 918FCBF32496CD1300AF2B45 /* LaunchScreen.storyboard */; };
		918FCC002496CD1300AF2B45 /* MyProgressAppTests.swift in Sources */ = {isa = PBXBuildFile; fileRef = 918FCBFF2496CD1300AF2B45 /* MyProgressAppTests.swift */; };
		918FCC0B2496CD1300AF2B45 /* MyProgressAppUITests.swift in Sources */ = {isa = PBXBuildFile; fileRef = 918FCC0A2496CD1300AF2B45 /* MyProgressAppUITests.swift */; };
		91BD9572249BCF99008411DE /* CameraViewController.swift in Sources */ = {isa = PBXBuildFile; fileRef = 91BD9571249BCF99008411DE /* CameraViewController.swift */; };
		91EEC6BC24E73C550063D9FF /* README.md in Resources */ = {isa = PBXBuildFile; fileRef = 91EEC6BB24E73C550063D9FF /* README.md */; };
/* End PBXBuildFile section */

/* Begin PBXContainerItemProxy section */
		918FCBFC2496CD1300AF2B45 /* PBXContainerItemProxy */ = {
			isa = PBXContainerItemProxy;
			containerPortal = 918FCBDA2496CD1100AF2B45 /* Project object */;
			proxyType = 1;
			remoteGlobalIDString = 918FCBE12496CD1100AF2B45;
			remoteInfo = MyProgressApp;
		};
		918FCC072496CD1300AF2B45 /* PBXContainerItemProxy */ = {
			isa = PBXContainerItemProxy;
			containerPortal = 918FCBDA2496CD1100AF2B45 /* Project object */;
			proxyType = 1;
			remoteGlobalIDString = 918FCBE12496CD1100AF2B45;
			remoteInfo = MyProgressApp;
		};
/* End PBXContainerItemProxy section */

/* Begin PBXFileReference section */
		912FCF532496D72900812C2D /* Progress.xcdatamodel */ = {isa = PBXFileReference; lastKnownFileType = wrapper.xcdatamodel; path = Progress.xcdatamodel; sourceTree = "<group>"; };
		912FCF552496D7FA00812C2D /* DataController.swift */ = {isa = PBXFileReference; lastKnownFileType = sourcecode.swift; path = DataController.swift; sourceTree = "<group>"; };
		912FCF572496D90A00812C2D /* PhotoAlbumViewController.swift */ = {isa = PBXFileReference; lastKnownFileType = sourcecode.swift; path = PhotoAlbumViewController.swift; sourceTree = "<group>"; };
		912FCF592496DCCE00812C2D /* PhotoDetailViewController.swift */ = {isa = PBXFileReference; lastKnownFileType = sourcecode.swift; path = PhotoDetailViewController.swift; sourceTree = "<group>"; };
		912FCF5C24970F4400812C2D /* PhotoAlbumCell.swift */ = {isa = PBXFileReference; lastKnownFileType = sourcecode.swift; path = PhotoAlbumCell.swift; sourceTree = "<group>"; };
		912FCF5E249847CB00812C2D /* PhotosCollectionViewController.swift */ = {isa = PBXFileReference; lastKnownFileType = sourcecode.swift; path = PhotosCollectionViewController.swift; sourceTree = "<group>"; };
		912FCF602499201D00812C2D /* PhotoCollectionViewCell.swift */ = {isa = PBXFileReference; lastKnownFileType = sourcecode.swift; path = PhotoCollectionViewCell.swift; sourceTree = "<group>"; };
		915E6EAB24D39FB900F64A22 /* MotviationViewController.swift */ = {isa = PBXFileReference; lastKnownFileType = sourcecode.swift; path = MotviationViewController.swift; sourceTree = "<group>"; };
		915E6EAE24D9BCF300F64A22 /* FlickrClient.swift */ = {isa = PBXFileReference; lastKnownFileType = sourcecode.swift; path = FlickrClient.swift; sourceTree = "<group>"; };
		915E6EB024D9BD1E00F64A22 /* FlickrPhoto.swift */ = {isa = PBXFileReference; lastKnownFileType = sourcecode.swift; path = FlickrPhoto.swift; sourceTree = "<group>"; };
		915E6EB224D9BD4D00F64A22 /* SearchRequest.swift */ = {isa = PBXFileReference; lastKnownFileType = sourcecode.swift; path = SearchRequest.swift; sourceTree = "<group>"; };
		915E6EB424D9C50300F64A22 /* FlickrViewCell.swift */ = {isa = PBXFileReference; lastKnownFileType = sourcecode.swift; path = FlickrViewCell.swift; sourceTree = "<group>"; };
		918FCBE22496CD1100AF2B45 /* MyProgressApp.app */ = {isa = PBXFileReference; explicitFileType = wrapper.application; includeInIndex = 0; path = MyProgressApp.app; sourceTree = BUILT_PRODUCTS_DIR; };
		918FCBE52496CD1100AF2B45 /* AppDelegate.swift */ = {isa = PBXFileReference; lastKnownFileType = sourcecode.swift; path = AppDelegate.swift; sourceTree = "<group>"; };
		918FCBE72496CD1100AF2B45 /* SceneDelegate.swift */ = {isa = PBXFileReference; lastKnownFileType = sourcecode.swift; path = SceneDelegate.swift; sourceTree = "<group>"; };
		918FCBEC2496CD1100AF2B45 /* Base */ = {isa = PBXFileReference; lastKnownFileType = file.storyboard; name = Base; path = Base.lproj/Main.storyboard; sourceTree = "<group>"; };
		918FCBF12496CD1300AF2B45 /* Assets.xcassets */ = {isa = PBXFileReference; lastKnownFileType = folder.assetcatalog; path = Assets.xcassets; sourceTree = "<group>"; };
		918FCBF42496CD1300AF2B45 /* Base */ = {isa = PBXFileReference; lastKnownFileType = file.storyboard; name = Base; path = Base.lproj/LaunchScreen.storyboard; sourceTree = "<group>"; };
		918FCBF62496CD1300AF2B45 /* Info.plist */ = {isa = PBXFileReference; lastKnownFileType = text.plist.xml; path = Info.plist; sourceTree = "<group>"; };
		918FCBFB2496CD1300AF2B45 /* MyProgressAppTests.xctest */ = {isa = PBXFileReference; explicitFileType = wrapper.cfbundle; includeInIndex = 0; path = MyProgressAppTests.xctest; sourceTree = BUILT_PRODUCTS_DIR; };
		918FCBFF2496CD1300AF2B45 /* MyProgressAppTests.swift */ = {isa = PBXFileReference; lastKnownFileType = sourcecode.swift; path = MyProgressAppTests.swift; sourceTree = "<group>"; };
		918FCC012496CD1300AF2B45 /* Info.plist */ = {isa = PBXFileReference; lastKnownFileType = text.plist.xml; path = Info.plist; sourceTree = "<group>"; };
		918FCC062496CD1300AF2B45 /* MyProgressAppUITests.xctest */ = {isa = PBXFileReference; explicitFileType = wrapper.cfbundle; includeInIndex = 0; path = MyProgressAppUITests.xctest; sourceTree = BUILT_PRODUCTS_DIR; };
		918FCC0A2496CD1300AF2B45 /* MyProgressAppUITests.swift */ = {isa = PBXFileReference; lastKnownFileType = sourcecode.swift; path = MyProgressAppUITests.swift; sourceTree = "<group>"; };
		91BD9571249BCF99008411DE /* CameraViewController.swift */ = {isa = PBXFileReference; lastKnownFileType = sourcecode.swift; path = CameraViewController.swift; sourceTree = "<group>"; };
		91EEC6BB24E73C550063D9FF /* README.md */ = {isa = PBXFileReference; lastKnownFileType = net.daringfireball.markdown; path = README.md; sourceTree = "<group>"; };
/* End PBXFileReference section */

/* Begin PBXFrameworksBuildPhase section */
		918FCBDF2496CD1100AF2B45 /* Frameworks */ = {
			isa = PBXFrameworksBuildPhase;
			buildActionMask = 2147483647;
			files = (
			);
			runOnlyForDeploymentPostprocessing = 0;
		};
		918FCBF82496CD1300AF2B45 /* Frameworks */ = {
			isa = PBXFrameworksBuildPhase;
			buildActionMask = 2147483647;
			files = (
			);
			runOnlyForDeploymentPostprocessing = 0;
		};
		918FCC032496CD1300AF2B45 /* Frameworks */ = {
			isa = PBXFrameworksBuildPhase;
			buildActionMask = 2147483647;
			files = (
			);
			runOnlyForDeploymentPostprocessing = 0;
		};
/* End PBXFrameworksBuildPhase section */

/* Begin PBXGroup section */
		9125964A249ECD8E00D24D58 /* Helpers */ = {
			isa = PBXGroup;
			children = (
			);
			path = Helpers;
			sourceTree = "<group>";
		};
		912FCF4E2496D62E00812C2D /* Storyboards */ = {
			isa = PBXGroup;
			children = (
				918FCBEB2496CD1100AF2B45 /* Main.storyboard */,
				918FCBF32496CD1300AF2B45 /* LaunchScreen.storyboard */,
			);
			path = Storyboards;
			sourceTree = "<group>";
		};
		912FCF4F2496D65800812C2D /* Model */ = {
			isa = PBXGroup;
			children = (
				912FCF522496D72900812C2D /* MyProgressApp.xcdatamodeld */,
				912FCF552496D7FA00812C2D /* DataController.swift */,
			);
			path = Model;
			sourceTree = "<group>";
		};
		912FCF502496D66C00812C2D /* View Controllers */ = {
			isa = PBXGroup;
			children = (
				912FCF5B24970F2E00812C2D /* Cells */,
				912FCF572496D90A00812C2D /* PhotoAlbumViewController.swift */,
				912FCF5E249847CB00812C2D /* PhotosCollectionViewController.swift */,
				912FCF592496DCCE00812C2D /* PhotoDetailViewController.swift */,
				91BD9571249BCF99008411DE /* CameraViewController.swift */,
				915E6EAB24D39FB900F64A22 /* MotviationViewController.swift */,
			);
			path = "View Controllers";
			sourceTree = "<group>";
		};
		912FCF512496D68200812C2D /* Assets */ = {
			isa = PBXGroup;
			children = (
				918FCBF12496CD1300AF2B45 /* Assets.xcassets */,
			);
			path = Assets;
			sourceTree = "<group>";
		};
		912FCF5B24970F2E00812C2D /* Cells */ = {
			isa = PBXGroup;
			children = (
				912FCF5C24970F4400812C2D /* PhotoAlbumCell.swift */,
				912FCF602499201D00812C2D /* PhotoCollectionViewCell.swift */,
				915E6EB424D9C50300F64A22 /* FlickrViewCell.swift */,
			);
			path = Cells;
			sourceTree = "<group>";
		};
		915E6EAD24D9BCD800F64A22 /* FlickrClient */ = {
			isa = PBXGroup;
			children = (
				915E6EAE24D9BCF300F64A22 /* FlickrClient.swift */,
				915E6EB024D9BD1E00F64A22 /* FlickrPhoto.swift */,
				915E6EB224D9BD4D00F64A22 /* SearchRequest.swift */,
			);
			path = FlickrClient;
			sourceTree = "<group>";
		};
		918FCBD92496CD1100AF2B45 = {
			isa = PBXGroup;
			children = (
				91EEC6BB24E73C550063D9FF /* README.md */,
				918FCBE52496CD1100AF2B45 /* AppDelegate.swift */,
				918FCBE42496CD1100AF2B45 /* MyProgressApp */,
				918FCBFE2496CD1300AF2B45 /* MyProgressAppTests */,
				918FCC092496CD1300AF2B45 /* MyProgressAppUITests */,
				918FCBE32496CD1100AF2B45 /* Products */,
			);
			sourceTree = "<group>";
		};
		918FCBE32496CD1100AF2B45 /* Products */ = {
			isa = PBXGroup;
			children = (
				918FCBE22496CD1100AF2B45 /* MyProgressApp.app */,
				918FCBFB2496CD1300AF2B45 /* MyProgressAppTests.xctest */,
				918FCC062496CD1300AF2B45 /* MyProgressAppUITests.xctest */,
			);
			name = Products;
			sourceTree = "<group>";
		};
		918FCBE42496CD1100AF2B45 /* MyProgressApp */ = {
			isa = PBXGroup;
			children = (
				915E6EAD24D9BCD800F64A22 /* FlickrClient */,
				9125964A249ECD8E00D24D58 /* Helpers */,
				918FCBF62496CD1300AF2B45 /* Info.plist */,
				912FCF512496D68200812C2D /* Assets */,
				912FCF4F2496D65800812C2D /* Model */,
				918FCBE72496CD1100AF2B45 /* SceneDelegate.swift */,
				912FCF4E2496D62E00812C2D /* Storyboards */,
				912FCF502496D66C00812C2D /* View Controllers */,
			);
			path = MyProgressApp;
			sourceTree = "<group>";
		};
		918FCBFE2496CD1300AF2B45 /* MyProgressAppTests */ = {
			isa = PBXGroup;
			children = (
				918FCBFF2496CD1300AF2B45 /* MyProgressAppTests.swift */,
				918FCC012496CD1300AF2B45 /* Info.plist */,
			);
			path = MyProgressAppTests;
			sourceTree = "<group>";
		};
		918FCC092496CD1300AF2B45 /* MyProgressAppUITests */ = {
			isa = PBXGroup;
			children = (
				918FCC0A2496CD1300AF2B45 /* MyProgressAppUITests.swift */,
			);
			path = MyProgressAppUITests;
			sourceTree = "<group>";
		};
/* End PBXGroup section */

/* Begin PBXNativeTarget section */
		918FCBE12496CD1100AF2B45 /* MyProgressApp */ = {
			isa = PBXNativeTarget;
			buildConfigurationList = 918FCC0F2496CD1300AF2B45 /* Build configuration list for PBXNativeTarget "MyProgressApp" */;
			buildPhases = (
				918FCBDE2496CD1100AF2B45 /* Sources */,
				918FCBDF2496CD1100AF2B45 /* Frameworks */,
				918FCBE02496CD1100AF2B45 /* Resources */,
			);
			buildRules = (
			);
			dependencies = (
			);
			name = MyProgressApp;
			productName = MyProgressApp;
			productReference = 918FCBE22496CD1100AF2B45 /* MyProgressApp.app */;
			productType = "com.apple.product-type.application";
		};
		918FCBFA2496CD1300AF2B45 /* MyProgressAppTests */ = {
			isa = PBXNativeTarget;
			buildConfigurationList = 918FCC122496CD1300AF2B45 /* Build configuration list for PBXNativeTarget "MyProgressAppTests" */;
			buildPhases = (
				918FCBF72496CD1300AF2B45 /* Sources */,
				918FCBF82496CD1300AF2B45 /* Frameworks */,
				918FCBF92496CD1300AF2B45 /* Resources */,
			);
			buildRules = (
			);
			dependencies = (
				918FCBFD2496CD1300AF2B45 /* PBXTargetDependency */,
			);
			name = MyProgressAppTests;
			productName = MyProgressAppTests;
			productReference = 918FCBFB2496CD1300AF2B45 /* MyProgressAppTests.xctest */;
			productType = "com.apple.product-type.bundle.unit-test";
		};
		918FCC052496CD1300AF2B45 /* MyProgressAppUITests */ = {
			isa = PBXNativeTarget;
			buildConfigurationList = 918FCC152496CD1300AF2B45 /* Build configuration list for PBXNativeTarget "MyProgressAppUITests" */;
			buildPhases = (
				918FCC022496CD1300AF2B45 /* Sources */,
				918FCC032496CD1300AF2B45 /* Frameworks */,
				918FCC042496CD1300AF2B45 /* Resources */,
			);
			buildRules = (
			);
			dependencies = (
				918FCC082496CD1300AF2B45 /* PBXTargetDependency */,
			);
			name = MyProgressAppUITests;
			productName = MyProgressAppUITests;
			productReference = 918FCC062496CD1300AF2B45 /* MyProgressAppUITests.xctest */;
			productType = "com.apple.product-type.bundle.ui-testing";
		};
/* End PBXNativeTarget section */

/* Begin PBXProject section */
		918FCBDA2496CD1100AF2B45 /* Project object */ = {
			isa = PBXProject;
			attributes = {
				LastSwiftUpdateCheck = 1150;
				LastUpgradeCheck = 1150;
				ORGANIZATIONNAME = "Spencer Steggell";
				TargetAttributes = {
					918FCBE12496CD1100AF2B45 = {
						CreatedOnToolsVersion = 11.5;
					};
					918FCBFA2496CD1300AF2B45 = {
						CreatedOnToolsVersion = 11.5;
						TestTargetID = 918FCBE12496CD1100AF2B45;
					};
					918FCC052496CD1300AF2B45 = {
						CreatedOnToolsVersion = 11.5;
						TestTargetID = 918FCBE12496CD1100AF2B45;
					};
				};
			};
			buildConfigurationList = 918FCBDD2496CD1100AF2B45 /* Build configuration list for PBXProject "MyProgressApp" */;
			compatibilityVersion = "Xcode 9.3";
			developmentRegion = en;
			hasScannedForEncodings = 0;
			knownRegions = (
				en,
				Base,
			);
			mainGroup = 918FCBD92496CD1100AF2B45;
			productRefGroup = 918FCBE32496CD1100AF2B45 /* Products */;
			projectDirPath = "";
			projectRoot = "";
			targets = (
				918FCBE12496CD1100AF2B45 /* MyProgressApp */,
				918FCBFA2496CD1300AF2B45 /* MyProgressAppTests */,
				918FCC052496CD1300AF2B45 /* MyProgressAppUITests */,
			);
		};
/* End PBXProject section */

/* Begin PBXResourcesBuildPhase section */
		918FCBE02496CD1100AF2B45 /* Resources */ = {
			isa = PBXResourcesBuildPhase;
			buildActionMask = 2147483647;
			files = (
				918FCBF52496CD1300AF2B45 /* LaunchScreen.storyboard in Resources */,
				918FCBF22496CD1300AF2B45 /* Assets.xcassets in Resources */,
				91EEC6BC24E73C550063D9FF /* README.md in Resources */,
				918FCBED2496CD1100AF2B45 /* Main.storyboard in Resources */,
			);
			runOnlyForDeploymentPostprocessing = 0;
		};
		918FCBF92496CD1300AF2B45 /* Resources */ = {
			isa = PBXResourcesBuildPhase;
			buildActionMask = 2147483647;
			files = (
			);
			runOnlyForDeploymentPostprocessing = 0;
		};
		918FCC042496CD1300AF2B45 /* Resources */ = {
			isa = PBXResourcesBuildPhase;
			buildActionMask = 2147483647;
			files = (
			);
			runOnlyForDeploymentPostprocessing = 0;
		};
/* End PBXResourcesBuildPhase section */

/* Begin PBXSourcesBuildPhase section */
		918FCBDE2496CD1100AF2B45 /* Sources */ = {
			isa = PBXSourcesBuildPhase;
			buildActionMask = 2147483647;
			files = (
				91BD9572249BCF99008411DE /* CameraViewController.swift in Sources */,
				912FCF612499201D00812C2D /* PhotoCollectionViewCell.swift in Sources */,
				912FCF5D24970F4400812C2D /* PhotoAlbumCell.swift in Sources */,
				912FCF582496D90A00812C2D /* PhotoAlbumViewController.swift in Sources */,
				912FCF5A2496DCCE00812C2D /* PhotoDetailViewController.swift in Sources */,
				912FCF562496D7FA00812C2D /* DataController.swift in Sources */,
				915E6EAC24D39FB900F64A22 /* MotviationViewController.swift in Sources */,
				915E6EAF24D9BCF300F64A22 /* FlickrClient.swift in Sources */,
				915E6EB524D9C50300F64A22 /* FlickrViewCell.swift in Sources */,
				918FCBE62496CD1100AF2B45 /* AppDelegate.swift in Sources */,
				912FCF5F249847CB00812C2D /* PhotosCollectionViewController.swift in Sources */,
				912FCF542496D72900812C2D /* MyProgressApp.xcdatamodeld in Sources */,
				915E6EB324D9BD4D00F64A22 /* SearchRequest.swift in Sources */,
				915E6EB124D9BD1E00F64A22 /* FlickrPhoto.swift in Sources */,
				918FCBE82496CD1100AF2B45 /* SceneDelegate.swift in Sources */,
			);
			runOnlyForDeploymentPostprocessing = 0;
		};
		918FCBF72496CD1300AF2B45 /* Sources */ = {
			isa = PBXSourcesBuildPhase;
			buildActionMask = 2147483647;
			files = (
				918FCC002496CD1300AF2B45 /* MyProgressAppTests.swift in Sources */,
			);
			runOnlyForDeploymentPostprocessing = 0;
		};
		918FCC022496CD1300AF2B45 /* Sources */ = {
			isa = PBXSourcesBuildPhase;
			buildActionMask = 2147483647;
			files = (
				918FCC0B2496CD1300AF2B45 /* MyProgressAppUITests.swift in Sources */,
			);
			runOnlyForDeploymentPostprocessing = 0;
		};
/* End PBXSourcesBuildPhase section */

/* Begin PBXTargetDependency section */
		918FCBFD2496CD1300AF2B45 /* PBXTargetDependency */ = {
			isa = PBXTargetDependency;
			target = 918FCBE12496CD1100AF2B45 /* MyProgressApp */;
			targetProxy = 918FCBFC2496CD1300AF2B45 /* PBXContainerItemProxy */;
		};
		918FCC082496CD1300AF2B45 /* PBXTargetDependency */ = {
			isa = PBXTargetDependency;
			target = 918FCBE12496CD1100AF2B45 /* MyProgressApp */;
			targetProxy = 918FCC072496CD1300AF2B45 /* PBXContainerItemProxy */;
		};
/* End PBXTargetDependency section */

/* Begin PBXVariantGroup section */
		918FCBEB2496CD1100AF2B45 /* Main.storyboard */ = {
			isa = PBXVariantGroup;
			children = (
				918FCBEC2496CD1100AF2B45 /* Base */,
			);
			name = Main.storyboard;
			sourceTree = "<group>";
		};
		918FCBF32496CD1300AF2B45 /* LaunchScreen.storyboard */ = {
			isa = PBXVariantGroup;
			children = (
				918FCBF42496CD1300AF2B45 /* Base */,
			);
			name = LaunchScreen.storyboard;
			sourceTree = "<group>";
		};
/* End PBXVariantGroup section */

/* Begin XCBuildConfiguration section */
		918FCC0D2496CD1300AF2B45 /* Debug */ = {
			isa = XCBuildConfiguration;
			buildSettings = {
				ALWAYS_SEARCH_USER_PATHS = NO;
				CLANG_ANALYZER_NONNULL = YES;
				CLANG_ANALYZER_NUMBER_OBJECT_CONVERSION = YES_AGGRESSIVE;
				CLANG_CXX_LANGUAGE_STANDARD = "gnu++14";
				CLANG_CXX_LIBRARY = "libc++";
				CLANG_ENABLE_MODULES = YES;
				CLANG_ENABLE_OBJC_ARC = YES;
				CLANG_ENABLE_OBJC_WEAK = YES;
				CLANG_WARN_BLOCK_CAPTURE_AUTORELEASING = YES;
				CLANG_WARN_BOOL_CONVERSION = YES;
				CLANG_WARN_COMMA = YES;
				CLANG_WARN_CONSTANT_CONVERSION = YES;
				CLANG_WARN_DEPRECATED_OBJC_IMPLEMENTATIONS = YES;
				CLANG_WARN_DIRECT_OBJC_ISA_USAGE = YES_ERROR;
				CLANG_WARN_DOCUMENTATION_COMMENTS = YES;
				CLANG_WARN_EMPTY_BODY = YES;
				CLANG_WARN_ENUM_CONVERSION = YES;
				CLANG_WARN_INFINITE_RECURSION = YES;
				CLANG_WARN_INT_CONVERSION = YES;
				CLANG_WARN_NON_LITERAL_NULL_CONVERSION = YES;
				CLANG_WARN_OBJC_IMPLICIT_RETAIN_SELF = YES;
				CLANG_WARN_OBJC_LITERAL_CONVERSION = YES;
				CLANG_WARN_OBJC_ROOT_CLASS = YES_ERROR;
				CLANG_WARN_RANGE_LOOP_ANALYSIS = YES;
				CLANG_WARN_STRICT_PROTOTYPES = YES;
				CLANG_WARN_SUSPICIOUS_MOVE = YES;
				CLANG_WARN_UNGUARDED_AVAILABILITY = YES_AGGRESSIVE;
				CLANG_WARN_UNREACHABLE_CODE = YES;
				CLANG_WARN__DUPLICATE_METHOD_MATCH = YES;
				COPY_PHASE_STRIP = NO;
				DEBUG_INFORMATION_FORMAT = dwarf;
				ENABLE_STRICT_OBJC_MSGSEND = YES;
				ENABLE_TESTABILITY = YES;
				GCC_C_LANGUAGE_STANDARD = gnu11;
				GCC_DYNAMIC_NO_PIC = NO;
				GCC_NO_COMMON_BLOCKS = YES;
				GCC_OPTIMIZATION_LEVEL = 0;
				GCC_PREPROCESSOR_DEFINITIONS = (
					"DEBUG=1",
					"$(inherited)",
				);
				GCC_WARN_64_TO_32_BIT_CONVERSION = YES;
				GCC_WARN_ABOUT_RETURN_TYPE = YES_ERROR;
				GCC_WARN_UNDECLARED_SELECTOR = YES;
				GCC_WARN_UNINITIALIZED_AUTOS = YES_AGGRESSIVE;
				GCC_WARN_UNUSED_FUNCTION = YES;
				GCC_WARN_UNUSED_VARIABLE = YES;
				IPHONEOS_DEPLOYMENT_TARGET = 13.5;
				MTL_ENABLE_DEBUG_INFO = INCLUDE_SOURCE;
				MTL_FAST_MATH = YES;
				ONLY_ACTIVE_ARCH = YES;
				SDKROOT = iphoneos;
				SWIFT_ACTIVE_COMPILATION_CONDITIONS = DEBUG;
				SWIFT_OPTIMIZATION_LEVEL = "-Onone";
			};
			name = Debug;
		};
		918FCC0E2496CD1300AF2B45 /* Release */ = {
			isa = XCBuildConfiguration;
			buildSettings = {
				ALWAYS_SEARCH_USER_PATHS = NO;
				CLANG_ANALYZER_NONNULL = YES;
				CLANG_ANALYZER_NUMBER_OBJECT_CONVERSION = YES_AGGRESSIVE;
				CLANG_CXX_LANGUAGE_STANDARD = "gnu++14";
				CLANG_CXX_LIBRARY = "libc++";
				CLANG_ENABLE_MODULES = YES;
				CLANG_ENABLE_OBJC_ARC = YES;
				CLANG_ENABLE_OBJC_WEAK = YES;
				CLANG_WARN_BLOCK_CAPTURE_AUTORELEASING = YES;
				CLANG_WARN_BOOL_CONVERSION = YES;
				CLANG_WARN_COMMA = YES;
				CLANG_WARN_CONSTANT_CONVERSION = YES;
				CLANG_WARN_DEPRECATED_OBJC_IMPLEMENTATIONS = YES;
				CLANG_WARN_DIRECT_OBJC_ISA_USAGE = YES_ERROR;
				CLANG_WARN_DOCUMENTATION_COMMENTS = YES;
				CLANG_WARN_EMPTY_BODY = YES;
				CLANG_WARN_ENUM_CONVERSION = YES;
				CLANG_WARN_INFINITE_RECURSION = YES;
				CLANG_WARN_INT_CONVERSION = YES;
				CLANG_WARN_NON_LITERAL_NULL_CONVERSION = YES;
				CLANG_WARN_OBJC_IMPLICIT_RETAIN_SELF = YES;
				CLANG_WARN_OBJC_LITERAL_CONVERSION = YES;
				CLANG_WARN_OBJC_ROOT_CLASS = YES_ERROR;
				CLANG_WARN_RANGE_LOOP_ANALYSIS = YES;
				CLANG_WARN_STRICT_PROTOTYPES = YES;
				CLANG_WARN_SUSPICIOUS_MOVE = YES;
				CLANG_WARN_UNGUARDED_AVAILABILITY = YES_AGGRESSIVE;
				CLANG_WARN_UNREACHABLE_CODE = YES;
				CLANG_WARN__DUPLICATE_METHOD_MATCH = YES;
				COPY_PHASE_STRIP = NO;
				DEBUG_INFORMATION_FORMAT = "dwarf-with-dsym";
				ENABLE_NS_ASSERTIONS = NO;
				ENABLE_STRICT_OBJC_MSGSEND = YES;
				GCC_C_LANGUAGE_STANDARD = gnu11;
				GCC_NO_COMMON_BLOCKS = YES;
				GCC_WARN_64_TO_32_BIT_CONVERSION = YES;
				GCC_WARN_ABOUT_RETURN_TYPE = YES_ERROR;
				GCC_WARN_UNDECLARED_SELECTOR = YES;
				GCC_WARN_UNINITIALIZED_AUTOS = YES_AGGRESSIVE;
				GCC_WARN_UNUSED_FUNCTION = YES;
				GCC_WARN_UNUSED_VARIABLE = YES;
				IPHONEOS_DEPLOYMENT_TARGET = 13.5;
				MTL_ENABLE_DEBUG_INFO = NO;
				MTL_FAST_MATH = YES;
				SDKROOT = iphoneos;
				SWIFT_COMPILATION_MODE = wholemodule;
				SWIFT_OPTIMIZATION_LEVEL = "-O";
				VALIDATE_PRODUCT = YES;
			};
			name = Release;
		};
		918FCC102496CD1300AF2B45 /* Debug */ = {
			isa = XCBuildConfiguration;
			buildSettings = {
				ASSETCATALOG_COMPILER_APPICON_NAME = AppIcon;
				CODE_SIGN_STYLE = Automatic;
				DEVELOPMENT_TEAM = 8UD54HH47V;
				INFOPLIST_FILE = MyProgressApp/Info.plist;
				LD_RUNPATH_SEARCH_PATHS = (
					"$(inherited)",
					"@executable_path/Frameworks",
				);
				PRODUCT_BUNDLE_IDENTIFIER = com.google.MyProgressApp;
				PRODUCT_NAME = "$(TARGET_NAME)";
				SWIFT_VERSION = 5.0;
				TARGETED_DEVICE_FAMILY = "1,2";
			};
			name = Debug;
		};
		918FCC112496CD1300AF2B45 /* Release */ = {
			isa = XCBuildConfiguration;
			buildSettings = {
				ASSETCATALOG_COMPILER_APPICON_NAME = AppIcon;
				CODE_SIGN_STYLE = Automatic;
				DEVELOPMENT_TEAM = 8UD54HH47V;
				INFOPLIST_FILE = MyProgressApp/Info.plist;
				LD_RUNPATH_SEARCH_PATHS = (
					"$(inherited)",
					"@executable_path/Frameworks",
				);
				PRODUCT_BUNDLE_IDENTIFIER = com.google.MyProgressApp;
				PRODUCT_NAME = "$(TARGET_NAME)";
				SWIFT_VERSION = 5.0;
				TARGETED_DEVICE_FAMILY = "1,2";
			};
			name = Release;
		};
		918FCC132496CD1300AF2B45 /* Debug */ = {
			isa = XCBuildConfiguration;
			buildSettings = {
				ALWAYS_EMBED_SWIFT_STANDARD_LIBRARIES = YES;
				BUNDLE_LOADER = "$(TEST_HOST)";
				CODE_SIGN_STYLE = Automatic;
				INFOPLIST_FILE = MyProgressAppTests/Info.plist;
				IPHONEOS_DEPLOYMENT_TARGET = 13.5;
				LD_RUNPATH_SEARCH_PATHS = (
					"$(inherited)",
					"@executable_path/Frameworks",
					"@loader_path/Frameworks",
				);
				PRODUCT_BUNDLE_IDENTIFIER = com.google.MyProgressAppTests;
				PRODUCT_NAME = "$(TARGET_NAME)";
				SWIFT_VERSION = 5.0;
				TARGETED_DEVICE_FAMILY = "1,2";
				TEST_HOST = "$(BUILT_PRODUCTS_DIR)/MyProgressApp.app/MyProgressApp";
			};
			name = Debug;
		};
		918FCC142496CD1300AF2B45 /* Release */ = {
			isa = XCBuildConfiguration;
			buildSettings = {
				ALWAYS_EMBED_SWIFT_STANDARD_LIBRARIES = YES;
				BUNDLE_LOADER = "$(TEST_HOST)";
				CODE_SIGN_STYLE = Automatic;
				INFOPLIST_FILE = MyProgressAppTests/Info.plist;
				IPHONEOS_DEPLOYMENT_TARGET = 13.5;
				LD_RUNPATH_SEARCH_PATHS = (
					"$(inherited)",
					"@executable_path/Frameworks",
					"@loader_path/Frameworks",
				);
				PRODUCT_BUNDLE_IDENTIFIER = com.google.MyProgressAppTests;
				PRODUCT_NAME = "$(TARGET_NAME)";
				SWIFT_VERSION = 5.0;
				TARGETED_DEVICE_FAMILY = "1,2";
				TEST_HOST = "$(BUILT_PRODUCTS_DIR)/MyProgressApp.app/MyProgressApp";
			};
			name = Release;
		};
		918FCC162496CD1300AF2B45 /* Debug */ = {
			isa = XCBuildConfiguration;
			buildSettings = {
				ALWAYS_EMBED_SWIFT_STANDARD_LIBRARIES = YES;
				CODE_SIGN_STYLE = Automatic;
				INFOPLIST_FILE = MyProgressAppUITests/Info.plist;
				LD_RUNPATH_SEARCH_PATHS = (
					"$(inherited)",
					"@executable_path/Frameworks",
					"@loader_path/Frameworks",
				);
				PRODUCT_BUNDLE_IDENTIFIER = com.google.MyProgressAppUITests;
				PRODUCT_NAME = "$(TARGET_NAME)";
				SWIFT_VERSION = 5.0;
				TARGETED_DEVICE_FAMILY = "1,2";
				TEST_TARGET_NAME = MyProgressApp;
			};
			name = Debug;
		};
		918FCC172496CD1300AF2B45 /* Release */ = {
			isa = XCBuildConfiguration;
			buildSettings = {
				ALWAYS_EMBED_SWIFT_STANDARD_LIBRARIES = YES;
				CODE_SIGN_STYLE = Automatic;
				INFOPLIST_FILE = MyProgressAppUITests/Info.plist;
				LD_RUNPATH_SEARCH_PATHS = (
					"$(inherited)",
					"@executable_path/Frameworks",
					"@loader_path/Frameworks",
				);
				PRODUCT_BUNDLE_IDENTIFIER = com.google.MyProgressAppUITests;
				PRODUCT_NAME = "$(TARGET_NAME)";
				SWIFT_VERSION = 5.0;
				TARGETED_DEVICE_FAMILY = "1,2";
				TEST_TARGET_NAME = MyProgressApp;
			};
			name = Release;
		};
/* End XCBuildConfiguration section */

/* Begin XCConfigurationList section */
		918FCBDD2496CD1100AF2B45 /* Build configuration list for PBXProject "MyProgressApp" */ = {
			isa = XCConfigurationList;
			buildConfigurations = (
				918FCC0D2496CD1300AF2B45 /* Debug */,
				918FCC0E2496CD1300AF2B45 /* Release */,
			);
			defaultConfigurationIsVisible = 0;
			defaultConfigurationName = Release;
		};
		918FCC0F2496CD1300AF2B45 /* Build configuration list for PBXNativeTarget "MyProgressApp" */ = {
			isa = XCConfigurationList;
			buildConfigurations = (
				918FCC102496CD1300AF2B45 /* Debug */,
				918FCC112496CD1300AF2B45 /* Release */,
			);
			defaultConfigurationIsVisible = 0;
			defaultConfigurationName = Release;
		};
		918FCC122496CD1300AF2B45 /* Build configuration list for PBXNativeTarget "MyProgressAppTests" */ = {
			isa = XCConfigurationList;
			buildConfigurations = (
				918FCC132496CD1300AF2B45 /* Debug */,
				918FCC142496CD1300AF2B45 /* Release */,
			);
			defaultConfigurationIsVisible = 0;
			defaultConfigurationName = Release;
		};
		918FCC152496CD1300AF2B45 /* Build configuration list for PBXNativeTarget "MyProgressAppUITests" */ = {
			isa = XCConfigurationList;
			buildConfigurations = (
				918FCC162496CD1300AF2B45 /* Debug */,
				918FCC172496CD1300AF2B45 /* Release */,
			);
			defaultConfigurationIsVisible = 0;
			defaultConfigurationName = Release;
		};
/* End XCConfigurationList section */

/* Begin XCVersionGroup section */
		912FCF522496D72900812C2D /* MyProgressApp.xcdatamodeld */ = {
			isa = XCVersionGroup;
			children = (
				912FCF532496D72900812C2D /* Progress.xcdatamodel */,
			);
			currentVersion = 912FCF532496D72900812C2D /* Progress.xcdatamodel */;
			path = MyProgressApp.xcdatamodeld;
			sourceTree = "<group>";
			versionGroupType = wrapper.xcdatamodel;
		};
/* End XCVersionGroup section */
	};
	rootObject = 918FCBDA2496CD1100AF2B45 /* Project object */;
}
